
Microsoft Visual Studio Solution File, Format Version 12.00
# Visual Studio Version 16
VisualStudioVersion = 16.0.29613.14
MinimumVisualStudioVersion = 10.0.40219.1
Project("{FAE04EC0-301F-11D3-BF4B-00C04F79EFBC}") = "RiaPizza", "RiaPizza\RiaPizza.csproj", "{3877A18F-C1BA-42A4-AD41-AE31AF7F01AD}"
EndProject
Global
	GlobalSection(SolutionConfigurationPlatforms) = preSolution
		Debug|Any CPU = Debug|Any CPU
		Release|Any CPU = Release|Any CPU
	EndGlobalSection
	GlobalSection(ProjectConfigurationPlatforms) = postSolution
		{3877A18F-C1BA-42A4-AD41-AE31AF7F01AD}.Debug|Any CPU.ActiveCfg = Debug|Any CPU
		{3877A18F-C1BA-42A4-AD41-AE31AF7F01AD}.Debug|Any CPU.Build.0 = Debug|Any CPU
		{3877A18F-C1BA-42A4-AD41-AE31AF7F01AD}.Release|Any CPU.ActiveCfg = Release|Any CPU
		{3877A18F-C1BA-42A4-AD41-AE31AF7F01AD}.Release|Any CPU.Build.0 = Release|Any CPU
	EndGlobalSection
	GlobalSection(SolutionProperties) = preSolution
		HideSolutionNode = FALSE
	EndGlobalSection
	GlobalSection(ExtensibilityGlobals) = postSolution
		SolutionGuid = {FAEA7F49-9C8E-4F22-B3A0-2FEC72E10D0C}
	EndGlobalSection
EndGlobal
